
Microsoft Visual Studio Solution File, Format Version 12.00
# Visual Studio Version 17
VisualStudioVersion = 17.0.32112.339
MinimumVisualStudioVersion = 10.0.40219.1
Project("{FAE04EC0-301F-11D3-BF4B-00C04F79EFBC}") = "FlyObject", "FlyObject\FlyObject.csproj", "{24529316-037E-4D36-8E04-1E32841D1301}"
EndProject
Project("{FAE04EC0-301F-11D3-BF4B-00C04F79EFBC}") = "FlyObject.Test", "FlyObject.Test\FlyObject.Test.csproj", "{6BCEC8F5-BD52-470B-BCD0-B001D976FF5A}"
EndProject
Global
	GlobalSection(SolutionConfigurationPlatforms) = preSolution
		Debug|Any CPU = Debug|Any CPU
		Release|Any CPU = Release|Any CPU
	EndGlobalSection
	GlobalSection(ProjectConfigurationPlatforms) = postSolution
		{24529316-037E-4D36-8E04-1E32841D1301}.Debug|Any CPU.ActiveCfg = Debug|Any CPU
		{24529316-037E-4D36-8E04-1E32841D1301}.Debug|Any CPU.Build.0 = Debug|Any CPU
		{24529316-037E-4D36-8E04-1E32841D1301}.Release|Any CPU.ActiveCfg = Release|Any CPU
		{24529316-037E-4D36-8E04-1E32841D1301}.Release|Any CPU.Build.0 = Release|Any CPU
		{6BCEC8F5-BD52-470B-BCD0-B001D976FF5A}.Debug|Any CPU.ActiveCfg = Debug|Any CPU
		{6BCEC8F5-BD52-470B-BCD0-B001D976FF5A}.Debug|Any CPU.Build.0 = Debug|Any CPU
		{6BCEC8F5-BD52-470B-BCD0-B001D976FF5A}.Release|Any CPU.ActiveCfg = Release|Any CPU
		{6BCEC8F5-BD52-470B-BCD0-B001D976FF5A}.Release|Any CPU.Build.0 = Release|Any CPU
	EndGlobalSection
	GlobalSection(SolutionProperties) = preSolution
		HideSolutionNode = FALSE
	EndGlobalSection
	GlobalSection(ExtensibilityGlobals) = postSolution
		SolutionGuid = {37991932-ABEE-4F29-85C3-A0AC81ECABF3}
	EndGlobalSection
EndGlobal
